
Microsoft Visual Studio Solution File, Format Version 12.00
# Visual Studio Version 17
VisualStudioVersion = 17.13.35825.156 d17.13
MinimumVisualStudioVersion = 10.0.40219.1
Project("{FAE04EC0-301F-11D3-BF4B-00C04F79EFBC}") = "Exercicio01", "Exercicio01\Exercicio01.csproj", "{77DC4707-9317-4CB7-951C-7C236025C675}"
EndProject
Project("{FAE04EC0-301F-11D3-BF4B-00C04F79EFBC}") = "Exercicio02", "Exercicio02\Exercicio02.csproj", "{8F63A47B-DEEC-4782-BD0D-212981ADA74C}"
EndProject
Project("{FAE04EC0-301F-11D3-BF4B-00C04F79EFBC}") = "Exercicio03", "Exercicio03\Exercicio03.csproj", "{EA3A217F-DAB9-4729-8008-E3BA86A27BD0}"
EndProject
Project("{FAE04EC0-301F-11D3-BF4B-00C04F79EFBC}") = "Exercicio04", "Exercicio04\Exercicio04.csproj", "{281E3433-3399-45F2-BE34-35F24E1590C1}"
EndProject
Project("{FAE04EC0-301F-11D3-BF4B-00C04F79EFBC}") = "Exercicio05", "Exercicio05\Exercicio05.csproj", "{B1641C0A-1D7A-40F5-996F-55692680A910}"
EndProject
Project("{FAE04EC0-301F-11D3-BF4B-00C04F79EFBC}") = "Exercicio06", "Exercicio06\Exercicio06.csproj", "{1C2E0FA6-9327-4FD3-B239-E42BDC861118}"
EndProject
Global
	GlobalSection(SolutionConfigurationPlatforms) = preSolution
		Debug|Any CPU = Debug|Any CPU
		Release|Any CPU = Release|Any CPU
	EndGlobalSection
	GlobalSection(ProjectConfigurationPlatforms) = postSolution
		{77DC4707-9317-4CB7-951C-7C236025C675}.Debug|Any CPU.ActiveCfg = Debug|Any CPU
		{77DC4707-9317-4CB7-951C-7C236025C675}.Debug|Any CPU.Build.0 = Debug|Any CPU
		{77DC4707-9317-4CB7-951C-7C236025C675}.Release|Any CPU.ActiveCfg = Release|Any CPU
		{77DC4707-9317-4CB7-951C-7C236025C675}.Release|Any CPU.Build.0 = Release|Any CPU
		{8F63A47B-DEEC-4782-BD0D-212981ADA74C}.Debug|Any CPU.ActiveCfg = Debug|Any CPU
		{8F63A47B-DEEC-4782-BD0D-212981ADA74C}.Debug|Any CPU.Build.0 = Debug|Any CPU
		{8F63A47B-DEEC-4782-BD0D-212981ADA74C}.Release|Any CPU.ActiveCfg = Release|Any CPU
		{8F63A47B-DEEC-4782-BD0D-212981ADA74C}.Release|Any CPU.Build.0 = Release|Any CPU
		{EA3A217F-DAB9-4729-8008-E3BA86A27BD0}.Debug|Any CPU.ActiveCfg = Debug|Any CPU
		{EA3A217F-DAB9-4729-8008-E3BA86A27BD0}.Debug|Any CPU.Build.0 = Debug|Any CPU
		{EA3A217F-DAB9-4729-8008-E3BA86A27BD0}.Release|Any CPU.ActiveCfg = Release|Any CPU
		{EA3A217F-DAB9-4729-8008-E3BA86A27BD0}.Release|Any CPU.Build.0 = Release|Any CPU
		{281E3433-3399-45F2-BE34-35F24E1590C1}.Debug|Any CPU.ActiveCfg = Debug|Any CPU
		{281E3433-3399-45F2-BE34-35F24E1590C1}.Debug|Any CPU.Build.0 = Debug|Any CPU
		{281E3433-3399-45F2-BE34-35F24E1590C1}.Release|Any CPU.ActiveCfg = Release|Any CPU
		{281E3433-3399-45F2-BE34-35F24E1590C1}.Release|Any CPU.Build.0 = Release|Any CPU
		{B1641C0A-1D7A-40F5-996F-55692680A910}.Debug|Any CPU.ActiveCfg = Debug|Any CPU
		{B1641C0A-1D7A-40F5-996F-55692680A910}.Debug|Any CPU.Build.0 = Debug|Any CPU
		{B1641C0A-1D7A-40F5-996F-55692680A910}.Release|Any CPU.ActiveCfg = Release|Any CPU
		{B1641C0A-1D7A-40F5-996F-55692680A910}.Release|Any CPU.Build.0 = Release|Any CPU
		{1C2E0FA6-9327-4FD3-B239-E42BDC861118}.Debug|Any CPU.ActiveCfg = Debug|Any CPU
		{1C2E0FA6-9327-4FD3-B239-E42BDC861118}.Debug|Any CPU.Build.0 = Debug|Any CPU
		{1C2E0FA6-9327-4FD3-B239-E42BDC861118}.Release|Any CPU.ActiveCfg = Release|Any CPU
		{1C2E0FA6-9327-4FD3-B239-E42BDC861118}.Release|Any CPU.Build.0 = Release|Any CPU
	EndGlobalSection
	GlobalSection(SolutionProperties) = preSolution
		HideSolutionNode = FALSE
	EndGlobalSection
	GlobalSection(ExtensibilityGlobals) = postSolution
		SolutionGuid = {643FE63A-B7E0-48C9-AEE7-5FBD82B0A29B}
	EndGlobalSection
EndGlobal
